AAAABBBBCCCC000000000901 /* Release */ = {
    isa = XCBuildConfiguration;
    buildSettings = {
        ALWAYS_SEARCH_USER_PATHS = NO;
        CLANG_ENABLE_MODULES = YES;
        GENERATE_INFOPLIST_FILE = YES;
        INFOPLIST_KEY_CFBundleDisplayName = "SYSY FAMILY";
        INFOPLIST_KEY_LSApplicationCategoryType = "public.app-category.business";
        IPHONEOS_DEPLOYMENT_TARGET = 17.0;
        PRODUCT_BUNDLE_IDENTIFIER = "com.sysyfamily.aluminium";
        PRODUCT_NAME = "SYSY FAMILY";
        SWIFT_VERSION = 5.0;
        TARGETED_DEVICE_FAMILY = "1";
    };
    name = Release;
};
